Microsoft Visual Studio Solution File, Format Version 12.00
# Visual Studio Version 17
VisualStudioVersion = 17.5.2.0
MinimumVisualStudioVersion = 10.0.40219.1
Project("{FAE04EC0-301F-11D3-BF4B-00C04F79EFBC}") = "mkfolder", "mkfolder.csproj", "{573127D4-804D-2830-C505-0EEECB4C5EC1}"
EndProject
Global
	GlobalSection(SolutionConfigurationPlatforms) = preSolution
		Debug|Any CPU = Debug|Any CPU
		Release|Any CPU = Release|Any CPU
	EndGlobalSection
	GlobalSection(ProjectConfigurationPlatforms) = postSolution
		{573127D4-804D-2830-C505-0EEECB4C5EC1}.Debug|Any CPU.ActiveCfg = Debug|Any CPU
		{573127D4-804D-2830-C505-0EEECB4C5EC1}.Debug|Any CPU.Build.0 = Debug|Any CPU
		{573127D4-804D-2830-C505-0EEECB4C5EC1}.Release|Any CPU.ActiveCfg = Release|Any CPU
		{573127D4-804D-2830-C505-0EEECB4C5EC1}.Release|Any CPU.Build.0 = Release|Any CPU
	EndGlobalSection
	GlobalSection(SolutionProperties) = preSolution
		HideSolutionNode = FALSE
	EndGlobalSection
	GlobalSection(ExtensibilityGlobals) = postSolution
		SolutionGuid = {CC38FA14-3933-4C61-AB9A-D4402AFD9616}
	EndGlobalSection
EndGlobal
