Microsoft Visual Studio Solution File, Format Version 12.00
# Visual Studio Version 17
VisualStudioVersion = 17.5.2.0
MinimumVisualStudioVersion = 10.0.40219.1
Project("{FAE04EC0-301F-11D3-BF4B-00C04F79EFBC}") = "autocopy", "autocopy.csproj", "{9CC97840-56B7-4C93-0FC9-9FE20F64EC47}"
EndProject
Global
	GlobalSection(SolutionConfigurationPlatforms) = preSolution
		Debug|Any CPU = Debug|Any CPU
		Release|Any CPU = Release|Any CPU
	EndGlobalSection
	GlobalSection(ProjectConfigurationPlatforms) = postSolution
		{9CC97840-56B7-4C93-0FC9-9FE20F64EC47}.Debug|Any CPU.ActiveCfg = Debug|Any CPU
		{9CC97840-56B7-4C93-0FC9-9FE20F64EC47}.Debug|Any CPU.Build.0 = Debug|Any CPU
		{9CC97840-56B7-4C93-0FC9-9FE20F64EC47}.Release|Any CPU.ActiveCfg = Release|Any CPU
		{9CC97840-56B7-4C93-0FC9-9FE20F64EC47}.Release|Any CPU.Build.0 = Release|Any CPU
	EndGlobalSection
	GlobalSection(SolutionProperties) = preSolution
		HideSolutionNode = FALSE
	EndGlobalSection
	GlobalSection(ExtensibilityGlobals) = postSolution
		SolutionGuid = {1867B813-9CAE-4A28-A171-B044DF049380}
	EndGlobalSection
EndGlobal
